// !$*UTF8*$!
{
	archiveVersion = 1;
	classes = {
	};
	objectVersion = 50;
	objects = {

/* Begin PBXBuildFile section */
		2332D8B12321C9A600266993 /* ServiceLayerTests.swift in Sources */ = {isa = PBXBuildFile; fileRef = 2332D8AE2321C9A600266993 /* ServiceLayerTests.swift */; };
		2332D8B22321C9A600266993 /* StubURLSession.swift in Sources */ = {isa = PBXBuildFile; fileRef = 2332D8AF2321C9A600266993 /* StubURLSession.swift */; };
		2332D8B32321C9A600266993 /* StubDataTask.swift in Sources */ = {isa = PBXBuildFile; fileRef = 2332D8B02321C9A600266993 /* StubDataTask.swift */; };
		FC0B8F2B2322E8CA00CA4B7B /* ItemCell.xib in Resources */ = {isa = PBXBuildFile; fileRef = FC0B8F012322E8CA00CA4B7B /* ItemCell.xib */; };
		FC0B8F2E2322E8CA00CA4B7B /* SearchInteractor.swift in Sources */ = {isa = PBXBuildFile; fileRef = FC0B8F062322E8CA00CA4B7B /* SearchInteractor.swift */; };
		FC0B8F2F2322E8CA00CA4B7B /* SearchPresenter.swift in Sources */ = {isa = PBXBuildFile; fileRef = FC0B8F072322E8CA00CA4B7B /* SearchPresenter.swift */; };
		FC0B8F302322E8CA00CA4B7B /* SearchPopUpViewController.xib in Resources */ = {isa = PBXBuildFile; fileRef = FC0B8F082322E8CA00CA4B7B /* SearchPopUpViewController.xib */; };
		FC0B8F312322E8CA00CA4B7B /* SearchModel.swift in Sources */ = {isa = PBXBuildFile; fileRef = FC0B8F092322E8CA00CA4B7B /* SearchModel.swift */; };
		FC0B8F322322E8CA00CA4B7B /* SearchRouter.swift in Sources */ = {isa = PBXBuildFile; fileRef = FC0B8F0A2322E8CA00CA4B7B /* SearchRouter.swift */; };
		FC0B8F332322E8CA00CA4B7B /* DetailLogicModel.swift in Sources */ = {isa = PBXBuildFile; fileRef = FC0B8F0C2322E8CA00CA4B7B /* DetailLogicModel.swift */; };
		FC0B8F352322E8CA00CA4B7B /* DetailPresenter.swift in Sources */ = {isa = PBXBuildFile; fileRef = FC0B8F0E2322E8CA00CA4B7B /* DetailPresenter.swift */; };
		FC0B8F362322E8CA00CA4B7B /* DetailInteractor.swift in Sources */ = {isa = PBXBuildFile; fileRef = FC0B8F0F2322E8CA00CA4B7B /* DetailInteractor.swift */; };
		FC0B8F372322E8CA00CA4B7B /* DetailRouter.swift in Sources */ = {isa = PBXBuildFile; fileRef = FC0B8F102322E8CA00CA4B7B /* DetailRouter.swift */; };
		FC0B8F382322E8CA00CA4B7B /* ItemsWorker.swift in Sources */ = {isa = PBXBuildFile; fileRef = FC0B8F122322E8CA00CA4B7B /* ItemsWorker.swift */; };
		FC0B8F392322E8CA00CA4B7B /* ItemsRouter.swift in Sources */ = {isa = PBXBuildFile; fileRef = FC0B8F132322E8CA00CA4B7B /* ItemsRouter.swift */; };
		FC0B8F3B2322E8CA00CA4B7B /* ItemsPresenter.swift in Sources */ = {isa = PBXBuildFile; fileRef = FC0B8F152322E8CA00CA4B7B /* ItemsPresenter.swift */; };
		FC0B8F3D2322E8CA00CA4B7B /* ItemsInteractor.swift in Sources */ = {isa = PBXBuildFile; fileRef = FC0B8F172322E8CA00CA4B7B /* ItemsInteractor.swift */; };
		FC0B8F3E2322E8CA00CA4B7B /* Pixabay.swift in Sources */ = {isa = PBXBuildFile; fileRef = FC0B8F192322E8CA00CA4B7B /* Pixabay.swift */; };
		FC0B8F3F2322E8CA00CA4B7B /* NetworkingProtocols.swift in Sources */ = {isa = PBXBuildFile; fileRef = FC0B8F1B2322E8CA00CA4B7B /* NetworkingProtocols.swift */; };
		FC0B8F402322E8CA00CA4B7B /* ServiceLayer.swift in Sources */ = {isa = PBXBuildFile; fileRef = FC0B8F1C2322E8CA00CA4B7B /* ServiceLayer.swift */; };
		FC0B8F412322E8CA00CA4B7B /* Router.swift in Sources */ = {isa = PBXBuildFile; fileRef = FC0B8F1D2322E8CA00CA4B7B /* Router.swift */; };
		FC0B8F422322E8CA00CA4B7B /* Assets.xcassets in Resources */ = {isa = PBXBuildFile; fileRef = FC0B8F1F2322E8CA00CA4B7B /* Assets.xcassets */; };
		FC0B8F442322E8CA00CA4B7B /* Main.storyboard in Resources */ = {isa = PBXBuildFile; fileRef = FC0B8F222322E8CA00CA4B7B /* Main.storyboard */; };
		FC0B8F452322E8CA00CA4B7B /* ViewIdentifiers.swift in Sources */ = {isa = PBXBuildFile; fileRef = FC0B8F232322E8CA00CA4B7B /* ViewIdentifiers.swift */; };
		FC0B8F462322E8CA00CA4B7B /* AppDelegate.swift in Sources */ = {isa = PBXBuildFile; fileRef = FC0B8F242322E8CA00CA4B7B /* AppDelegate.swift */; };
		FC0B8F472322E8CA00CA4B7B /* default.json in Resources */ = {isa = PBXBuildFile; fileRef = FC0B8F252322E8CA00CA4B7B /* default.json */; };
		FC0B8F482322E8CA00CA4B7B /* CellConstants.swift in Sources */ = {isa = PBXBuildFile; fileRef = FC0B8F262322E8CA00CA4B7B /* CellConstants.swift */; };
		FC0B8F4A2322E8CA00CA4B7B /* FetchError.swift in Sources */ = {isa = PBXBuildFile; fileRef = FC0B8F292322E8CA00CA4B7B /* FetchError.swift */; };
		FC0B8F4F2322E99500CA4B7B /* ItemsTableViewController.swift in Sources */ = {isa = PBXBuildFile; fileRef = FC0B8F4E2322E99500CA4B7B /* ItemsTableViewController.swift */; };
		FC0B8F552322EA4300CA4B7B /* SearchPopUpViewController.swift in Sources */ = {isa = PBXBuildFile; fileRef = FC0B8F542322EA4300CA4B7B /* SearchPopUpViewController.swift */; };
		FC0B8F572322EA8400CA4B7B /* ItemCell.swift in Sources */ = {isa = PBXBuildFile; fileRef = FC0B8F562322EA8300CA4B7B /* ItemCell.swift */; };
		FC0B8F592322EAB100CA4B7B /* DetailViewController.swift in Sources */ = {isa = PBXBuildFile; fileRef = FC0B8F582322EAB100CA4B7B /* DetailViewController.swift */; };
		FC0B8F5D2322EC9000CA4B7B /* LaunchScreen.storyboard in Resources */ = {isa = PBXBuildFile; fileRef = FC0B8F5B2322EC9000CA4B7B /* LaunchScreen.storyboard */; };
		FC0B8F7D2322ECC000CA4B7B /* MockitemsListPresenter.swift in Sources */ = {isa = PBXBuildFile; fileRef = FC0B8F6C2322ECC000CA4B7B /* MockitemsListPresenter.swift */; };
		FC0B8F7E2322ECC000CA4B7B /* MockitemsListRouter.swift in Sources */ = {isa = PBXBuildFile; fileRef = FC0B8F6D2322ECC000CA4B7B /* MockitemsListRouter.swift */; };
		FC0B8F7F2322ECC000CA4B7B /* MockItemsListTableViewController.swift in Sources */ = {isa = PBXBuildFile; fileRef = FC0B8F6E2322ECC000CA4B7B /* MockItemsListTableViewController.swift */; };
		FC0B8F802322ECC000CA4B7B /* MockItemsListInteractor.swift in Sources */ = {isa = PBXBuildFile; fileRef = FC0B8F6F2322ECC000CA4B7B /* MockItemsListInteractor.swift */; };
		FC0B8F812322ECC000CA4B7B /* ItemsPresenterTests.swift in Sources */ = {isa = PBXBuildFile; fileRef = FC0B8F712322ECC000CA4B7B /* ItemsPresenterTests.swift */; };
		FC0B8F822322ECC000CA4B7B /* ItemsTableViewController.swift in Sources */ = {isa = PBXBuildFile; fileRef = FC0B8F722322ECC000CA4B7B /* ItemsTableViewController.swift */; };
		FC0B8F832322ECC000CA4B7B /* MockDetailRouter.swift in Sources */ = {isa = PBXBuildFile; fileRef = FC0B8F752322ECC000CA4B7B /* MockDetailRouter.swift */; };
		FC0B8F842322ECC000CA4B7B /* MockDetailViewController.swift in Sources */ = {isa = PBXBuildFile; fileRef = FC0B8F762322ECC000CA4B7B /* MockDetailViewController.swift */; };
		FC0B8F852322ECC000CA4B7B /* MockDetailPresenter.swift in Sources */ = {isa = PBXBuildFile; fileRef = FC0B8F772322ECC000CA4B7B /* MockDetailPresenter.swift */; };
		FC0B8F862322ECC000CA4B7B /* MockDetailInteractor.swift in Sources */ = {isa = PBXBuildFile; fileRef = FC0B8F782322ECC000CA4B7B /* MockDetailInteractor.swift */; };
		FC0B8F872322ECC000CA4B7B /* DetailInteractorTests.swift in Sources */ = {isa = PBXBuildFile; fileRef = FC0B8F7A2322ECC000CA4B7B /* DetailInteractorTests.swift */; };
		FC0B8F882322ECC000CA4B7B /* DetailViewControllerTests.swift in Sources */ = {isa = PBXBuildFile; fileRef = FC0B8F7B2322ECC000CA4B7B /* DetailViewControllerTests.swift */; };
		FC0B8F892322ECC000CA4B7B /* DetailPresenterTests.swift in Sources */ = {isa = PBXBuildFile; fileRef = FC0B8F7C2322ECC000CA4B7B /* DetailPresenterTests.swift */; };
		FC0B8F942322ECCA00CA4B7B /* MockSearchRouter.swift in Sources */ = {isa = PBXBuildFile; fileRef = FC0B8F8C2322ECCA00CA4B7B /* MockSearchRouter.swift */; };
		FC0B8F952322ECCA00CA4B7B /* MockSearchViewController.swift in Sources */ = {isa = PBXBuildFile; fileRef = FC0B8F8D2322ECCA00CA4B7B /* MockSearchViewController.swift */; };
		FC0B8F962322ECCA00CA4B7B /* MockSearchInteractor.swift in Sources */ = {isa = PBXBuildFile; fileRef = FC0B8F8E2322ECCA00CA4B7B /* MockSearchInteractor.swift */; };
		FC0B8F972322ECCA00CA4B7B /* MockSearchPresenter.swift in Sources */ = {isa = PBXBuildFile; fileRef = FC0B8F8F2322ECCA00CA4B7B /* MockSearchPresenter.swift */; };
		FC0B8F982322ECCA00CA4B7B /* SearchViewControllerTests.swift in Sources */ = {isa = PBXBuildFile; fileRef = FC0B8F912322ECCA00CA4B7B /* SearchViewControllerTests.swift */; };
		FC0B8F992322ECCA00CA4B7B /* SearchInteractorTests.swift in Sources */ = {isa = PBXBuildFile; fileRef = FC0B8F922322ECCA00CA4B7B /* SearchInteractorTests.swift */; };
		FC0B8F9A2322ECCA00CA4B7B /* SearchPresenterTests.swift in Sources */ = {isa = PBXBuildFile; fileRef = FC0B8F932322ECCA00CA4B7B /* SearchPresenterTests.swift */; };
		FC0B8FDF2322F08C00CA4B7B /* IMGURUITests.swift in Sources */ = {isa = PBXBuildFile; fileRef = FC0B8FDE2322F08C00CA4B7B /* IMGURUITests.swift */; };
		FC0B8FE82322F10300CA4B7B /* DetailUITests.swift in Sources */ = {isa = PBXBuildFile; fileRef = FC0B8FE72322F10300CA4B7B /* DetailUITests.swift */; };
		FC0B8FEB2322F11100CA4B7B /* ItemsUITests.swift in Sources */ = {isa = PBXBuildFile; fileRef = FC0B8FEA2322F11100CA4B7B /* ItemsUITests.swift */; };
		FC0B8FEE2322F11D00CA4B7B /* SearchUITests.swift in Sources */ = {isa = PBXBuildFile; fileRef = FC0B8FED2322F11D00CA4B7B /* SearchUITests.swift */; };
		FC0B8FF12323149000CA4B7B /* ItemsLogicModel.swift in Sources */ = {isa = PBXBuildFile; fileRef = FC0B8FF02323148F00CA4B7B /* ItemsLogicModel.swift */; };
		FC0B8FF3232323AE00CA4B7B /* MockItemsWorker.swift in Sources */ = {isa = PBXBuildFile; fileRef = FC0B8FF2232323AE00CA4B7B /* MockItemsWorker.swift */; };
		FC0B8FF52323249000CA4B7B /* ItemsInteractorTests.swift in Sources */ = {isa = PBXBuildFile; fileRef = FC0B8FF42323249000CA4B7B /* ItemsInteractorTests.swift */; };
/* End PBXBuildFile section */

/* Begin PBXContainerItemProxy section */
		2332D8A82321C94D00266993 /* PBXContainerItemProxy */ = {
			isa = PBXContainerItemProxy;
			containerPortal = 42C6C15F231588420075B0E3 /* Project object */;
			proxyType = 1;
			remoteGlobalIDString = 42C6C166231588420075B0E3;
			remoteInfo = IMGUR;
		};
		FC0B8FE12322F08C00CA4B7B /* PBXContainerItemProxy */ = {
			isa = PBXContainerItemProxy;
			containerPortal = 42C6C15F231588420075B0E3 /* Project object */;
			proxyType = 1;
			remoteGlobalIDString = 42C6C166231588420075B0E3;
			remoteInfo = IMGUR;
		};
/* End PBXContainerItemProxy section */

/* Begin PBXFileReference section */
		2332D8A32321C94D00266993 /* IMGURTests.xctest */ = {isa = PBXFileReference; explicitFileType = wrapper.cfbundle; includeInIndex = 0; path = IMGURTests.xctest; sourceTree = BUILT_PRODUCTS_DIR; };
		2332D8A72321C94D00266993 /* Info.plist */ = {isa = PBXFileReference; lastKnownFileType = text.plist.xml; path = Info.plist; sourceTree = "<group>"; };
		2332D8AE2321C9A600266993 /* ServiceLayerTests.swift */ = {isa = PBXFileReference; fileEncoding = 4; lastKnownFileType = sourcecode.swift; path = ServiceLayerTests.swift; sourceTree = "<group>"; };
		2332D8AF2321C9A600266993 /* StubURLSession.swift */ = {isa = PBXFileReference; fileEncoding = 4; lastKnownFileType = sourcecode.swift; path = StubURLSession.swift; sourceTree = "<group>"; };
		2332D8B02321C9A600266993 /* StubDataTask.swift */ = {isa = PBXFileReference; fileEncoding = 4; lastKnownFileType = sourcecode.swift; path = StubDataTask.swift; sourceTree = "<group>"; };
		36795B7E231593D800299651 /* DetailViewController.swift */ = {isa = PBXFileReference; lastKnownFileType = sourcecode.swift; path = DetailViewController.swift; sourceTree = "<group>"; };
		36795B802315946B00299651 /* ItemCell.swift */ = {isa = PBXFileReference; lastKnownFileType = sourcecode.swift; path = ItemCell.swift; sourceTree = "<group>"; };
		36795B842315AEAA00299651 /* ItemsTableViewController.swift */ = {isa = PBXFileReference; lastKnownFileType = sourcecode.swift; path = ItemsTableViewController.swift; sourceTree = "<group>"; };
		42C6C167231588420075B0E3 /* IMGUR.app */ = {isa = PBXFileReference; explicitFileType = wrapper.application; includeInIndex = 0; path = IMGUR.app; sourceTree = BUILT_PRODUCTS_DIR; };
		42C6C174231588430075B0E3 /* Base */ = {isa = PBXFileReference; lastKnownFileType = file.storyboard; name = Base; path = Base.lproj/LaunchScreen.storyboard; sourceTree = "<group>"; };
		FC0B8F012322E8CA00CA4B7B /* ItemCell.xib */ = {isa = PBXFileReference; fileEncoding = 4; lastKnownFileType = file.xib; path = ItemCell.xib; sourceTree = "<group>"; };
		FC0B8F062322E8CA00CA4B7B /* SearchInteractor.swift */ = {isa = PBXFileReference; fileEncoding = 4; lastKnownFileType = sourcecode.swift; path = SearchInteractor.swift; sourceTree = "<group>"; };
		FC0B8F072322E8CA00CA4B7B /* SearchPresenter.swift */ = {isa = PBXFileReference; fileEncoding = 4; lastKnownFileType = sourcecode.swift; path = SearchPresenter.swift; sourceTree = "<group>"; };
		FC0B8F082322E8CA00CA4B7B /* SearchPopUpViewController.xib */ = {isa = PBXFileReference; fileEncoding = 4; lastKnownFileType = file.xib; path = SearchPopUpViewController.xib; sourceTree = "<group>"; };
		FC0B8F092322E8CA00CA4B7B /* SearchModel.swift */ = {isa = PBXFileReference; fileEncoding = 4; lastKnownFileType = sourcecode.swift; path = SearchModel.swift; sourceTree = "<group>"; };
		FC0B8F0A2322E8CA00CA4B7B /* SearchRouter.swift */ = {isa = PBXFileReference; fileEncoding = 4; lastKnownFileType = sourcecode.swift; path = SearchRouter.swift; sourceTree = "<group>"; };
		FC0B8F0C2322E8CA00CA4B7B /* DetailLogicModel.swift */ = {isa = PBXFileReference; fileEncoding = 4; lastKnownFileType = sourcecode.swift; path = DetailLogicModel.swift; sourceTree = "<group>"; };
		FC0B8F0E2322E8CA00CA4B7B /* DetailPresenter.swift */ = {isa = PBXFileReference; fileEncoding = 4; lastKnownFileType = sourcecode.swift; path = DetailPresenter.swift; sourceTree = "<group>"; };
		FC0B8F0F2322E8CA00CA4B7B /* DetailInteractor.swift */ = {isa = PBXFileReference; fileEncoding = 4; lastKnownFileType = sourcecode.swift; path = DetailInteractor.swift; sourceTree = "<group>"; };
		FC0B8F102322E8CA00CA4B7B /* DetailRouter.swift */ = {isa = PBXFileReference; fileEncoding = 4; lastKnownFileType = sourcecode.swift; path = DetailRouter.swift; sourceTree = "<group>"; };
		FC0B8F122322E8CA00CA4B7B /* ItemsWorker.swift */ = {isa = PBXFileReference; fileEncoding = 4; lastKnownFileType = sourcecode.swift; path = ItemsWorker.swift; sourceTree = "<group>"; };
		FC0B8F132322E8CA00CA4B7B /* ItemsRouter.swift */ = {isa = PBXFileReference; fileEncoding = 4; lastKnownFileType = sourcecode.swift; path = ItemsRouter.swift; sourceTree = "<group>"; };
		FC0B8F152322E8CA00CA4B7B /* ItemsPresenter.swift */ = {isa = PBXFileReference; fileEncoding = 4; lastKnownFileType = sourcecode.swift; path = ItemsPresenter.swift; sourceTree = "<group>"; };
		FC0B8F172322E8CA00CA4B7B /* ItemsInteractor.swift */ = {isa = PBXFileReference; fileEncoding = 4; lastKnownFileType = sourcecode.swift; path = ItemsInteractor.swift; sourceTree = "<group>"; };
		FC0B8F192322E8CA00CA4B7B /* Pixabay.swift */ = {isa = PBXFileReference; fileEncoding = 4; lastKnownFileType = sourcecode.swift; path = Pixabay.swift; sourceTree = "<group>"; };
		FC0B8F1B2322E8CA00CA4B7B /* NetworkingProtocols.swift */ = {isa = PBXFileReference; fileEncoding = 4; lastKnownFileType = sourcecode.swift; path = NetworkingProtocols.swift; sourceTree = "<group>"; };
		FC0B8F1C2322E8CA00CA4B7B /* ServiceLayer.swift */ = {isa = PBXFileReference; fileEncoding = 4; lastKnownFileType = sourcecode.swift; path = ServiceLayer.swift; sourceTree = "<group>"; };
		FC0B8F1D2322E8CA00CA4B7B /* Router.swift */ = {isa = PBXFileReference; fileEncoding = 4; lastKnownFileType = sourcecode.swift; path = Router.swift; sourceTree = "<group>"; };
		FC0B8F1F2322E8CA00CA4B7B /* Assets.xcassets */ = {isa = PBXFileReference; lastKnownFileType = folder.assetcatalog; path = Assets.xcassets; sourceTree = "<group>"; };
		FC0B8F222322E8CA00CA4B7B /* Main.storyboard */ = {isa = PBXFileReference; fileEncoding = 4; lastKnownFileType = file.storyboard; path = Main.storyboard; sourceTree = "<group>"; };
		FC0B8F232322E8CA00CA4B7B /* ViewIdentifiers.swift */ = {isa = PBXFileReference; fileEncoding = 4; lastKnownFileType = sourcecode.swift; path = ViewIdentifiers.swift; sourceTree = "<group>"; };
		FC0B8F242322E8CA00CA4B7B /* AppDelegate.swift */ = {isa = PBXFileReference; fileEncoding = 4; lastKnownFileType = sourcecode.swift; path = AppDelegate.swift; sourceTree = "<group>"; };
		FC0B8F252322E8CA00CA4B7B /* default.json */ = {isa = PBXFileReference; fileEncoding = 4; lastKnownFileType = text.json; path = default.json; sourceTree = "<group>"; };
		FC0B8F262322E8CA00CA4B7B /* CellConstants.swift */ = {isa = PBXFileReference; fileEncoding = 4; lastKnownFileType = sourcecode.swift; path = CellConstants.swift; sourceTree = "<group>"; };
		FC0B8F272322E8CA00CA4B7B /* Info.plist */ = {isa = PBXFileReference; fileEncoding = 4; lastKnownFileType = text.plist.xml; path = Info.plist; sourceTree = "<group>"; };
		FC0B8F292322E8CA00CA4B7B /* FetchError.swift */ = {isa = PBXFileReference; fileEncoding = 4; lastKnownFileType = sourcecode.swift; path = FetchError.swift; sourceTree = "<group>"; };
		FC0B8F4E2322E99500CA4B7B /* ItemsTableViewController.swift */ = {isa = PBXFileReference; fileEncoding = 4; lastKnownFileType = sourcecode.swift; path = ItemsTableViewController.swift; sourceTree = "<group>"; };
		FC0B8F542322EA4300CA4B7B /* SearchPopUpViewController.swift */ = {isa = PBXFileReference; lastKnownFileType = sourcecode.swift; path = SearchPopUpViewController.swift; sourceTree = "<group>"; };
		FC0B8F562322EA8300CA4B7B /* ItemCell.swift */ = {isa = PBXFileReference; lastKnownFileType = sourcecode.swift; path = ItemCell.swift; sourceTree = "<group>"; };
		FC0B8F582322EAB100CA4B7B /* DetailViewController.swift */ = {isa = PBXFileReference; lastKnownFileType = sourcecode.swift; path = DetailViewController.swift; sourceTree = "<group>"; };
		FC0B8F5C2322EC9000CA4B7B /* Base */ = {isa = PBXFileReference; lastKnownFileType = file.storyboard; name = Base; path = LaunchScreen.storyboard; sourceTree = "<group>"; };
		FC0B8F6C2322ECC000CA4B7B /* MockitemsListPresenter.swift */ = {isa = PBXFileReference; fileEncoding = 4; lastKnownFileType = sourcecode.swift; path = MockitemsListPresenter.swift; sourceTree = "<group>"; };
		FC0B8F6D2322ECC000CA4B7B /* MockitemsListRouter.swift */ = {isa = PBXFileReference; fileEncoding = 4; lastKnownFileType = sourcecode.swift; path = MockitemsListRouter.swift; sourceTree = "<group>"; };
		FC0B8F6E2322ECC000CA4B7B /* MockItemsListTableViewController.swift */ = {isa = PBXFileReference; fileEncoding = 4; lastKnownFileType = sourcecode.swift; path = MockItemsListTableViewController.swift; sourceTree = "<group>"; };
		FC0B8F6F2322ECC000CA4B7B /* MockItemsListInteractor.swift */ = {isa = PBXFileReference; fileEncoding = 4; lastKnownFileType = sourcecode.swift; path = MockItemsListInteractor.swift; sourceTree = "<group>"; };
		FC0B8F712322ECC000CA4B7B /* ItemsPresenterTests.swift */ = {isa = PBXFileReference; fileEncoding = 4; lastKnownFileType = sourcecode.swift; path = ItemsPresenterTests.swift; sourceTree = "<group>"; };
		FC0B8F722322ECC000CA4B7B /* ItemsTableViewController.swift */ = {isa = PBXFileReference; fileEncoding = 4; lastKnownFileType = sourcecode.swift; path = ItemsTableViewController.swift; sourceTree = "<group>"; };
		FC0B8F752322ECC000CA4B7B /* MockDetailRouter.swift */ = {isa = PBXFileReference; fileEncoding = 4; lastKnownFileType = sourcecode.swift; path = MockDetailRouter.swift; sourceTree = "<group>"; };
		FC0B8F762322ECC000CA4B7B /* MockDetailViewController.swift */ = {isa = PBXFileReference; fileEncoding = 4; lastKnownFileType = sourcecode.swift; path = MockDetailViewController.swift; sourceTree = "<group>"; };
		FC0B8F772322ECC000CA4B7B /* MockDetailPresenter.swift */ = {isa = PBXFileReference; fileEncoding = 4; lastKnownFileType = sourcecode.swift; path = MockDetailPresenter.swift; sourceTree = "<group>"; };
		FC0B8F782322ECC000CA4B7B /* MockDetailInteractor.swift */ = {isa = PBXFileReference; fileEncoding = 4; lastKnownFileType = sourcecode.swift; path = MockDetailInteractor.swift; sourceTree = "<group>"; };
		FC0B8F7A2322ECC000CA4B7B /* DetailInteractorTests.swift */ = {isa = PBXFileReference; fileEncoding = 4; lastKnownFileType = sourcecode.swift; path = DetailInteractorTests.swift; sourceTree = "<group>"; };
		FC0B8F7B2322ECC000CA4B7B /* DetailViewControllerTests.swift */ = {isa = PBXFileReference; fileEncoding = 4; lastKnownFileType = sourcecode.swift; path = DetailViewControllerTests.swift; sourceTree = "<group>"; };
		FC0B8F7C2322ECC000CA4B7B /* DetailPresenterTests.swift */ = {isa = PBXFileReference; fileEncoding = 4; lastKnownFileType = sourcecode.swift; path = DetailPresenterTests.swift; sourceTree = "<group>"; };
		FC0B8F8C2322ECCA00CA4B7B /* MockSearchRouter.swift */ = {isa = PBXFileReference; fileEncoding = 4; lastKnownFileType = sourcecode.swift; path = MockSearchRouter.swift; sourceTree = "<group>"; };
		FC0B8F8D2322ECCA00CA4B7B /* MockSearchViewController.swift */ = {isa = PBXFileReference; fileEncoding = 4; lastKnownFileType = sourcecode.swift; path = MockSearchViewController.swift; sourceTree = "<group>"; };
		FC0B8F8E2322ECCA00CA4B7B /* MockSearchInteractor.swift */ = {isa = PBXFileReference; fileEncoding = 4; lastKnownFileType = sourcecode.swift; path = MockSearchInteractor.swift; sourceTree = "<group>"; };
		FC0B8F8F2322ECCA00CA4B7B /* MockSearchPresenter.swift */ = {isa = PBXFileReference; fileEncoding = 4; lastKnownFileType = sourcecode.swift; path = MockSearchPresenter.swift; sourceTree = "<group>"; };
		FC0B8F912322ECCA00CA4B7B /* SearchViewControllerTests.swift */ = {isa = PBXFileReference; fileEncoding = 4; lastKnownFileType = sourcecode.swift; path = SearchViewControllerTests.swift; sourceTree = "<group>"; };
		FC0B8F922322ECCA00CA4B7B /* SearchInteractorTests.swift */ = {isa = PBXFileReference; fileEncoding = 4; lastKnownFileType = sourcecode.swift; path = SearchInteractorTests.swift; sourceTree = "<group>"; };
		FC0B8F932322ECCA00CA4B7B /* SearchPresenterTests.swift */ = {isa = PBXFileReference; fileEncoding = 4; lastKnownFileType = sourcecode.swift; path = SearchPresenterTests.swift; sourceTree = "<group>"; };
		FC0B8FDC2322F08C00CA4B7B /* IMGURUITests.xctest */ = {isa = PBXFileReference; explicitFileType = wrapper.cfbundle; includeInIndex = 0; path = IMGURUITests.xctest; sourceTree = BUILT_PRODUCTS_DIR; };
		FC0B8FDE2322F08C00CA4B7B /* IMGURUITests.swift */ = {isa = PBXFileReference; lastKnownFileType = sourcecode.swift; path = IMGURUITests.swift; sourceTree = "<group>"; };
		FC0B8FE02322F08C00CA4B7B /* Info.plist */ = {isa = PBXFileReference; lastKnownFileType = text.plist.xml; path = Info.plist; sourceTree = "<group>"; };
		FC0B8FE72322F10300CA4B7B /* DetailUITests.swift */ = {isa = PBXFileReference; fileEncoding = 4; lastKnownFileType = sourcecode.swift; path = DetailUITests.swift; sourceTree = "<group>"; };
		FC0B8FEA2322F11100CA4B7B /* ItemsUITests.swift */ = {isa = PBXFileReference; fileEncoding = 4; lastKnownFileType = sourcecode.swift; path = ItemsUITests.swift; sourceTree = "<group>"; };
		FC0B8FED2322F11D00CA4B7B /* SearchUITests.swift */ = {isa = PBXFileReference; fileEncoding = 4; lastKnownFileType = sourcecode.swift; path = SearchUITests.swift; sourceTree = "<group>"; };
		FC0B8FF02323148F00CA4B7B /* ItemsLogicModel.swift */ = {isa = PBXFileReference; lastKnownFileType = sourcecode.swift; path = ItemsLogicModel.swift; sourceTree = "<group>"; };
		FC0B8FF2232323AE00CA4B7B /* MockItemsWorker.swift */ = {isa = PBXFileReference; lastKnownFileType = sourcecode.swift; path = MockItemsWorker.swift; sourceTree = "<group>"; };
		FC0B8FF42323249000CA4B7B /* ItemsInteractorTests.swift */ = {isa = PBXFileReference; lastKnownFileType = sourcecode.swift; path = ItemsInteractorTests.swift; sourceTree = "<group>"; };
		FC3514AC231857F300EB44D0 /* SearchPopUpViewController.swift */ = {isa = PBXFileReference; lastKnownFileType = sourcecode.swift; path = SearchPopUpViewController.swift; sourceTree = "<group>"; };
		FCBDF24B23202C3B00FD4B1D /* ItemsLogicModel.swift */ = {isa = PBXFileReference; lastKnownFileType = sourcecode.swift; path = ItemsLogicModel.swift; sourceTree = "<group>"; };
		FCC598C0231EE79700257B95 /* ItemsPresenter.swift */ = {isa = PBXFileReference; lastKnownFileType = sourcecode.swift; path = ItemsPresenter.swift; sourceTree = "<group>"; };
/* End PBXFileReference section */

/* Begin PBXFrameworksBuildPhase section */
		2332D8A02321C94D00266993 /* Frameworks */ = {
			isa = PBXFrameworksBuildPhase;
			buildActionMask = 2147483647;
			files = (
			);
			runOnlyForDeploymentPostprocessing = 0;
		};
		42C6C164231588420075B0E3 /* Frameworks */ = {
			isa = PBXFrameworksBuildPhase;
			buildActionMask = 2147483647;
			files = (
			);
			runOnlyForDeploymentPostprocessing = 0;
		};
		FC0B8FD92322F08C00CA4B7B /* Frameworks */ = {
			isa = PBXFrameworksBuildPhase;
			buildActionMask = 2147483647;
			files = (
			);
			runOnlyForDeploymentPostprocessing = 0;
		};
/* End PBXFrameworksBuildPhase section */

/* Begin PBXGroup section */
		2332D8A42321C94D00266993 /* IMGURTests */ = {
			isa = PBXGroup;
			children = (
				FC0B8F8A2322ECCA00CA4B7B /* Search */,
				FC0B8F732322ECC000CA4B7B /* Detail */,
				FC0B8F6A2322ECC000CA4B7B /* ItemsList */,
				2332D8AD2321C96A00266993 /* NetworkingTest */,
				2332D8A72321C94D00266993 /* Info.plist */,
			);
			path = IMGURTests;
			sourceTree = "<group>";
		};
		2332D8AD2321C96A00266993 /* NetworkingTest */ = {
			isa = PBXGroup;
			children = (
				2332D8AE2321C9A600266993 /* ServiceLayerTests.swift */,
				2332D8B02321C9A600266993 /* StubDataTask.swift */,
				2332D8AF2321C9A600266993 /* StubURLSession.swift */,
			);
			path = NetworkingTest;
			sourceTree = "<group>";
		};
		42C6C15E231588420075B0E3 = {
			isa = PBXGroup;
			children = (
				FC0B8EFE2322E8CA00CA4B7B /* IMGUR */,
				2332D8A42321C94D00266993 /* IMGURTests */,
				FC0B8FDD2322F08C00CA4B7B /* IMGURUITests */,
				42C6C168231588420075B0E3 /* Products */,
				FC0B8EFD2322E8AE00CA4B7B /* Recovered References */,
			);
			sourceTree = "<group>";
		};
		42C6C168231588420075B0E3 /* Products */ = {
			isa = PBXGroup;
			children = (
				42C6C167231588420075B0E3 /* IMGUR.app */,
				2332D8A32321C94D00266993 /* IMGURTests.xctest */,
				FC0B8FDC2322F08C00CA4B7B /* IMGURUITests.xctest */,
			);
			name = Products;
			sourceTree = "<group>";
		};
		FC0B8EFD2322E8AE00CA4B7B /* Recovered References */ = {
			isa = PBXGroup;
			children = (
				36795B802315946B00299651 /* ItemCell.swift */,
				36795B7E231593D800299651 /* DetailViewController.swift */,
				FC3514AC231857F300EB44D0 /* SearchPopUpViewController.swift */,
				FCC598C0231EE79700257B95 /* ItemsPresenter.swift */,
				36795B842315AEAA00299651 /* ItemsTableViewController.swift */,
				FCBDF24B23202C3B00FD4B1D /* ItemsLogicModel.swift */,
				42C6C173231588430075B0E3 /* LaunchScreen.storyboard */,
			);
			name = "Recovered References";
			sourceTree = "<group>";
		};
		FC0B8EFE2322E8CA00CA4B7B /* IMGUR */ = {
			isa = PBXGroup;
			children = (
				FC0B8F1E2322E8CA00CA4B7B /* SupportingFiles */,
				FC0B8F282322E8CA00CA4B7B /* Services */,
				FC0B8F182322E8CA00CA4B7B /* entity */,
				FC0B8F032322E8CA00CA4B7B /* Scenes */,
				FC0B8F002322E8CA00CA4B7B /* Cells */,
				FC0B8F272322E8CA00CA4B7B /* Info.plist */,
			);
			path = IMGUR;
			sourceTree = "<group>";
		};
		FC0B8F002322E8CA00CA4B7B /* Cells */ = {
			isa = PBXGroup;
			children = (
				FC0B8F562322EA8300CA4B7B /* ItemCell.swift */,
				FC0B8F012322E8CA00CA4B7B /* ItemCell.xib */,
			);
			path = Cells;
			sourceTree = "<group>";
		};
		FC0B8F032322E8CA00CA4B7B /* Scenes */ = {
			isa = PBXGroup;
			children = (
				FC0B8F042322E8CA00CA4B7B /* Search */,
				FC0B8F0B2322E8CA00CA4B7B /* Detail */,
				FC0B8F112322E8CA00CA4B7B /* ItemsList */,
			);
			path = Scenes;
			sourceTree = "<group>";
		};
		FC0B8F042322E8CA00CA4B7B /* Search */ = {
			isa = PBXGroup;
			children = (
				FC0B8F542322EA4300CA4B7B /* SearchPopUpViewController.swift */,
				FC0B8F062322E8CA00CA4B7B /* SearchInteractor.swift */,
				FC0B8F072322E8CA00CA4B7B /* SearchPresenter.swift */,
				FC0B8F082322E8CA00CA4B7B /* SearchPopUpViewController.xib */,
				FC0B8F092322E8CA00CA4B7B /* SearchModel.swift */,
				FC0B8F0A2322E8CA00CA4B7B /* SearchRouter.swift */,
			);
			path = Search;
			sourceTree = "<group>";
		};
		FC0B8F0B2322E8CA00CA4B7B /* Detail */ = {
			isa = PBXGroup;
			children = (
				FC0B8F0C2322E8CA00CA4B7B /* DetailLogicModel.swift */,
				FC0B8F582322EAB100CA4B7B /* DetailViewController.swift */,
				FC0B8F0E2322E8CA00CA4B7B /* DetailPresenter.swift */,
				FC0B8F0F2322E8CA00CA4B7B /* DetailInteractor.swift */,
				FC0B8F102322E8CA00CA4B7B /* DetailRouter.swift */,
			);
			path = Detail;
			sourceTree = "<group>";
		};
		FC0B8F112322E8CA00CA4B7B /* ItemsList */ = {
			isa = PBXGroup;
			children = (
				FC0B8FF02323148F00CA4B7B /* ItemsLogicModel.swift */,
				FC0B8F152322E8CA00CA4B7B /* ItemsPresenter.swift */,
				FC0B8F4E2322E99500CA4B7B /* ItemsTableViewController.swift */,
				FC0B8F122322E8CA00CA4B7B /* ItemsWorker.swift */,
				FC0B8F132322E8CA00CA4B7B /* ItemsRouter.swift */,
				FC0B8F172322E8CA00CA4B7B /* ItemsInteractor.swift */,
			);
			path = ItemsList;
			sourceTree = "<group>";
		};
		FC0B8F182322E8CA00CA4B7B /* entity */ = {
			isa = PBXGroup;
			children = (
				FC0B8F192322E8CA00CA4B7B /* Pixabay.swift */,
			);
			path = entity;
			sourceTree = "<group>";
		};
		FC0B8F1A2322E8CA00CA4B7B /* network */ = {
			isa = PBXGroup;
			children = (
				FC0B8F1B2322E8CA00CA4B7B /* NetworkingProtocols.swift */,
				FC0B8F1C2322E8CA00CA4B7B /* ServiceLayer.swift */,
				FC0B8F1D2322E8CA00CA4B7B /* Router.swift */,
			);
			path = network;
			sourceTree = "<group>";
		};
		FC0B8F1E2322E8CA00CA4B7B /* SupportingFiles */ = {
			isa = PBXGroup;
			children = (
				FC0B8F5A2322EC9000CA4B7B /* Base.lproj */,
				FC0B8F1F2322E8CA00CA4B7B /* Assets.xcassets */,
				FC0B8F222322E8CA00CA4B7B /* Main.storyboard */,
				FC0B8F232322E8CA00CA4B7B /* ViewIdentifiers.swift */,
				FC0B8F242322E8CA00CA4B7B /* AppDelegate.swift */,
				FC0B8F252322E8CA00CA4B7B /* default.json */,
				FC0B8F262322E8CA00CA4B7B /* CellConstants.swift */,
			);
			path = SupportingFiles;
			sourceTree = "<group>";
		};
		FC0B8F282322E8CA00CA4B7B /* Services */ = {
			isa = PBXGroup;
			children = (
				FC0B8F1A2322E8CA00CA4B7B /* network */,
				FC0B8F292322E8CA00CA4B7B /* FetchError.swift */,
			);
			path = Services;
			sourceTree = "<group>";
		};
		FC0B8F5A2322EC9000CA4B7B /* Base.lproj */ = {
			isa = PBXGroup;
			children = (
				FC0B8F5B2322EC9000CA4B7B /* LaunchScreen.storyboard */,
			);
			path = Base.lproj;
			sourceTree = "<group>";
		};
		FC0B8F6A2322ECC000CA4B7B /* ItemsList */ = {
			isa = PBXGroup;
			children = (
				FC0B8F6B2322ECC000CA4B7B /* Mocks */,
				FC0B8F702322ECC000CA4B7B /* Test */,
			);
			path = ItemsList;
			sourceTree = "<group>";
		};
		FC0B8F6B2322ECC000CA4B7B /* Mocks */ = {
			isa = PBXGroup;
			children = (
				FC0B8F6C2322ECC000CA4B7B /* MockitemsListPresenter.swift */,
				FC0B8F6D2322ECC000CA4B7B /* MockitemsListRouter.swift */,
				FC0B8F6E2322ECC000CA4B7B /* MockItemsListTableViewController.swift */,
				FC0B8F6F2322ECC000CA4B7B /* MockItemsListInteractor.swift */,
				FC0B8FF2232323AE00CA4B7B /* MockItemsWorker.swift */,
			);
			path = Mocks;
			sourceTree = "<group>";
		};
		FC0B8F702322ECC000CA4B7B /* Test */ = {
			isa = PBXGroup;
			children = (
				FC0B8F712322ECC000CA4B7B /* ItemsPresenterTests.swift */,
				FC0B8F722322ECC000CA4B7B /* ItemsTableViewController.swift */,
				FC0B8FF42323249000CA4B7B /* ItemsInteractorTests.swift */,
			);
			path = Test;
			sourceTree = "<group>";
		};
		FC0B8F732322ECC000CA4B7B /* Detail */ = {
			isa = PBXGroup;
			children = (
				FC0B8F742322ECC000CA4B7B /* Mocks */,
				FC0B8F792322ECC000CA4B7B /* Tests */,
			);
			path = Detail;
			sourceTree = "<group>";
		};
		FC0B8F742322ECC000CA4B7B /* Mocks */ = {
			isa = PBXGroup;
			children = (
				FC0B8F752322ECC000CA4B7B /* MockDetailRouter.swift */,
				FC0B8F762322ECC000CA4B7B /* MockDetailViewController.swift */,
				FC0B8F772322ECC000CA4B7B /* MockDetailPresenter.swift */,
				FC0B8F782322ECC000CA4B7B /* MockDetailInteractor.swift */,
			);
			path = Mocks;
			sourceTree = "<group>";
		};
		FC0B8F792322ECC000CA4B7B /* Tests */ = {
			isa = PBXGroup;
			children = (
				FC0B8F7A2322ECC000CA4B7B /* DetailInteractorTests.swift */,
				FC0B8F7B2322ECC000CA4B7B /* DetailViewControllerTests.swift */,
				FC0B8F7C2322ECC000CA4B7B /* DetailPresenterTests.swift */,
			);
			path = Tests;
			sourceTree = "<group>";
		};
		FC0B8F8A2322ECCA00CA4B7B /* Search */ = {
			isa = PBXGroup;
			children = (
				FC0B8F8B2322ECCA00CA4B7B /* Mocks */,
				FC0B8F902322ECCA00CA4B7B /* Test */,
			);
			path = Search;
			sourceTree = "<group>";
		};
		FC0B8F8B2322ECCA00CA4B7B /* Mocks */ = {
			isa = PBXGroup;
			children = (
				FC0B8F8C2322ECCA00CA4B7B /* MockSearchRouter.swift */,
				FC0B8F8D2322ECCA00CA4B7B /* MockSearchViewController.swift */,
				FC0B8F8E2322ECCA00CA4B7B /* MockSearchInteractor.swift */,
				FC0B8F8F2322ECCA00CA4B7B /* MockSearchPresenter.swift */,
			);
			path = Mocks;
			sourceTree = "<group>";
		};
		FC0B8F902322ECCA00CA4B7B /* Test */ = {
			isa = PBXGroup;
			children = (
				FC0B8F912322ECCA00CA4B7B /* SearchViewControllerTests.swift */,
				FC0B8F922322ECCA00CA4B7B /* SearchInteractorTests.swift */,
				FC0B8F932322ECCA00CA4B7B /* SearchPresenterTests.swift */,
			);
			path = Test;
			sourceTree = "<group>";
		};
		FC0B8FDD2322F08C00CA4B7B /* IMGURUITests */ = {
			isa = PBXGroup;
			children = (
				FC0B8FEC2322F11D00CA4B7B /* SearchUITests */,
				FC0B8FE92322F11100CA4B7B /* ItemsUITests */,
				FC0B8FE62322F10300CA4B7B /* DetailUITests */,
				FC0B8FDE2322F08C00CA4B7B /* IMGURUITests.swift */,
				FC0B8FE02322F08C00CA4B7B /* Info.plist */,
			);
			path = IMGURUITests;
			sourceTree = "<group>";
		};
		FC0B8FE62322F10300CA4B7B /* DetailUITests */ = {
			isa = PBXGroup;
			children = (
				FC0B8FE72322F10300CA4B7B /* DetailUITests.swift */,
			);
			path = DetailUITests;
			sourceTree = "<group>";
		};
		FC0B8FE92322F11100CA4B7B /* ItemsUITests */ = {
			isa = PBXGroup;
			children = (
				FC0B8FEA2322F11100CA4B7B /* ItemsUITests.swift */,
			);
			path = ItemsUITests;
			sourceTree = "<group>";
		};
		FC0B8FEC2322F11D00CA4B7B /* SearchUITests */ = {
			isa = PBXGroup;
			children = (
				FC0B8FED2322F11D00CA4B7B /* SearchUITests.swift */,
			);
			path = SearchUITests;
			sourceTree = "<group>";
		};
/* End PBXGroup section */

/* Begin PBXNativeTarget section */
		2332D8A22321C94D00266993 /* IMGURTests */ = {
			isa = PBXNativeTarget;
			buildConfigurationList = 2332D8AC2321C94D00266993 /* Build configuration list for PBXNativeTarget "IMGURTests" */;
			buildPhases = (
				2332D89F2321C94D00266993 /* Sources */,
				2332D8A02321C94D00266993 /* Frameworks */,
				2332D8A12321C94D00266993 /* Resources */,
			);
			buildRules = (
			);
			dependencies = (
				2332D8A92321C94D00266993 /* PBXTargetDependency */,
			);
			name = IMGURTests;
			productName = IMGURTests;
			productReference = 2332D8A32321C94D00266993 /* IMGURTests.xctest */;
			productType = "com.apple.product-type.bundle.unit-test";
		};
		42C6C166231588420075B0E3 /* IMGUR */ = {
			isa = PBXNativeTarget;
			buildConfigurationList = 42C6C179231588430075B0E3 /* Build configuration list for PBXNativeTarget "IMGUR" */;
			buildPhases = (
				42C6C163231588420075B0E3 /* Sources */,
				42C6C164231588420075B0E3 /* Frameworks */,
				42C6C165231588420075B0E3 /* Resources */,
			);
			buildRules = (
			);
			dependencies = (
			);
			name = IMGUR;
			productName = IMGUR;
			productReference = 42C6C167231588420075B0E3 /* IMGUR.app */;
			productType = "com.apple.product-type.application";
		};
		FC0B8FDB2322F08C00CA4B7B /* IMGURUITests */ = {
			isa = PBXNativeTarget;
			buildConfigurationList = FC0B8FE32322F08C00CA4B7B /* Build configuration list for PBXNativeTarget "IMGURUITests" */;
			buildPhases = (
				FC0B8FD82322F08C00CA4B7B /* Sources */,
				FC0B8FD92322F08C00CA4B7B /* Frameworks */,
				FC0B8FDA2322F08C00CA4B7B /* Resources */,
			);
			buildRules = (
			);
			dependencies = (
				FC0B8FE22322F08C00CA4B7B /* PBXTargetDependency */,
			);
			name = IMGURUITests;
			productName = IMGURUITests;
			productReference = FC0B8FDC2322F08C00CA4B7B /* IMGURUITests.xctest */;
			productType = "com.apple.product-type.bundle.ui-testing";
		};
/* End PBXNativeTarget section */

/* Begin PBXProject section */
		42C6C15F231588420075B0E3 /* Project object */ = {
			isa = PBXProject;
			attributes = {
				LastSwiftUpdateCheck = 1020;
				LastUpgradeCheck = 1030;
				ORGANIZATIONNAME = specktro;
				TargetAttributes = {
					2332D8A22321C94D00266993 = {
						CreatedOnToolsVersion = 10.3;
						LastSwiftMigration = 1030;
						TestTargetID = 42C6C166231588420075B0E3;
					};
					42C6C166231588420075B0E3 = {
						CreatedOnToolsVersion = 10.3;
					};
					FC0B8FDB2322F08C00CA4B7B = {
						CreatedOnToolsVersion = 10.2.1;
						TestTargetID = 42C6C166231588420075B0E3;
					};
				};
			};
			buildConfigurationList = 42C6C162231588420075B0E3 /* Build configuration list for PBXProject "IMGUR" */;
			compatibilityVersion = "Xcode 9.3";
			developmentRegion = en;
			hasScannedForEncodings = 0;
			knownRegions = (
				en,
				Base,
			);
			mainGroup = 42C6C15E231588420075B0E3;
			productRefGroup = 42C6C168231588420075B0E3 /* Products */;
			projectDirPath = "";
			projectRoot = "";
			targets = (
				42C6C166231588420075B0E3 /* IMGUR */,
				2332D8A22321C94D00266993 /* IMGURTests */,
				FC0B8FDB2322F08C00CA4B7B /* IMGURUITests */,
			);
		};
/* End PBXProject section */

/* Begin PBXResourcesBuildPhase section */
		2332D8A12321C94D00266993 /* Resources */ = {
			isa = PBXResourcesBuildPhase;
			buildActionMask = 2147483647;
			files = (
			);
			runOnlyForDeploymentPostprocessing = 0;
		};
		42C6C165231588420075B0E3 /* Resources */ = {
			isa = PBXResourcesBuildPhase;
			buildActionMask = 2147483647;
			files = (
				FC0B8F442322E8CA00CA4B7B /* Main.storyboard in Resources */,
				FC0B8F472322E8CA00CA4B7B /* default.json in Resources */,
				FC0B8F2B2322E8CA00CA4B7B /* ItemCell.xib in Resources */,
				FC0B8F5D2322EC9000CA4B7B /* LaunchScreen.storyboard in Resources */,
				FC0B8F302322E8CA00CA4B7B /* SearchPopUpViewController.xib in Resources */,
				FC0B8F422322E8CA00CA4B7B /* Assets.xcassets in Resources */,
			);
			runOnlyForDeploymentPostprocessing = 0;
		};
		FC0B8FDA2322F08C00CA4B7B /* Resources */ = {
			isa = PBXResourcesBuildPhase;
			buildActionMask = 2147483647;
			files = (
			);
			runOnlyForDeploymentPostprocessing = 0;
		};
/* End PBXResourcesBuildPhase section */

/* Begin PBXSourcesBuildPhase section */
		2332D89F2321C94D00266993 /* Sources */ = {
			isa = PBXSourcesBuildPhase;
			buildActionMask = 2147483647;
			files = (
				FC0B8F972322ECCA00CA4B7B /* MockSearchPresenter.swift in Sources */,
				FC0B8F7F2322ECC000CA4B7B /* MockItemsListTableViewController.swift in Sources */,
				FC0B8F9A2322ECCA00CA4B7B /* SearchPresenterTests.swift in Sources */,
				FC0B8F872322ECC000CA4B7B /* DetailInteractorTests.swift in Sources */,
				FC0B8F812322ECC000CA4B7B /* ItemsPresenterTests.swift in Sources */,
				FC0B8F892322ECC000CA4B7B /* DetailPresenterTests.swift in Sources */,
				FC0B8F982322ECCA00CA4B7B /* SearchViewControllerTests.swift in Sources */,
				FC0B8F952322ECCA00CA4B7B /* MockSearchViewController.swift in Sources */,
				2332D8B22321C9A600266993 /* StubURLSession.swift in Sources */,
				2332D8B32321C9A600266993 /* StubDataTask.swift in Sources */,
				FC0B8F962322ECCA00CA4B7B /* MockSearchInteractor.swift in Sources */,
				FC0B8F992322ECCA00CA4B7B /* SearchInteractorTests.swift in Sources */,
				2332D8B12321C9A600266993 /* ServiceLayerTests.swift in Sources */,
				FC0B8F942322ECCA00CA4B7B /* MockSearchRouter.swift in Sources */,
				FC0B8FF3232323AE00CA4B7B /* MockItemsWorker.swift in Sources */,
				FC0B8F862322ECC000CA4B7B /* MockDetailInteractor.swift in Sources */,
				FC0B8F852322ECC000CA4B7B /* MockDetailPresenter.swift in Sources */,
				FC0B8F832322ECC000CA4B7B /* MockDetailRouter.swift in Sources */,
				FC0B8F822322ECC000CA4B7B /* ItemsTableViewController.swift in Sources */,
				FC0B8F7E2322ECC000CA4B7B /* MockitemsListRouter.swift in Sources */,
				FC0B8F882322ECC000CA4B7B /* DetailViewControllerTests.swift in Sources */,
				FC0B8F802322ECC000CA4B7B /* MockItemsListInteractor.swift in Sources */,
				FC0B8F842322ECC000CA4B7B /* MockDetailViewController.swift in Sources */,
				FC0B8FF52323249000CA4B7B /* ItemsInteractorTests.swift in Sources */,
				FC0B8F7D2322ECC000CA4B7B /* MockitemsListPresenter.swift in Sources */,
			);
			runOnlyForDeploymentPostprocessing = 0;
		};
		42C6C163231588420075B0E3 /* Sources */ = {
			isa = PBXSourcesBuildPhase;
			buildActionMask = 2147483647;
			files = (
				FC0B8FF12323149000CA4B7B /* ItemsLogicModel.swift in Sources */,
				FC0B8F592322EAB100CA4B7B /* DetailViewController.swift in Sources */,
				FC0B8F572322EA8400CA4B7B /* ItemCell.swift in Sources */,
				FC0B8F552322EA4300CA4B7B /* SearchPopUpViewController.swift in Sources */,
				FC0B8F3B2322E8CA00CA4B7B /* ItemsPresenter.swift in Sources */,
				FC0B8F4F2322E99500CA4B7B /* ItemsTableViewController.swift in Sources */,
				FC0B8F382322E8CA00CA4B7B /* ItemsWorker.swift in Sources */,
				FC0B8F3D2322E8CA00CA4B7B /* ItemsInteractor.swift in Sources */,
				FC0B8F3E2322E8CA00CA4B7B /* Pixabay.swift in Sources */,
				FC0B8F362322E8CA00CA4B7B /* DetailInteractor.swift in Sources */,
				FC0B8F332322E8CA00CA4B7B /* DetailLogicModel.swift in Sources */,
				FC0B8F392322E8CA00CA4B7B /* ItemsRouter.swift in Sources */,
				FC0B8F352322E8CA00CA4B7B /* DetailPresenter.swift in Sources */,
				FC0B8F462322E8CA00CA4B7B /* AppDelegate.swift in Sources */,
				FC0B8F372322E8CA00CA4B7B /* DetailRouter.swift in Sources */,
				FC0B8F2E2322E8CA00CA4B7B /* SearchInteractor.swift in Sources */,
				FC0B8F482322E8CA00CA4B7B /* CellConstants.swift in Sources */,
				FC0B8F412322E8CA00CA4B7B /* Router.swift in Sources */,
				FC0B8F312322E8CA00CA4B7B /* SearchModel.swift in Sources */,
				FC0B8F452322E8CA00CA4B7B /* ViewIdentifiers.swift in Sources */,
				FC0B8F322322E8CA00CA4B7B /* SearchRouter.swift in Sources */,
				FC0B8F4A2322E8CA00CA4B7B /* FetchError.swift in Sources */,
				FC0B8F402322E8CA00CA4B7B /* ServiceLayer.swift in Sources */,
				FC0B8F2F2322E8CA00CA4B7B /* SearchPresenter.swift in Sources */,
				FC0B8F3F2322E8CA00CA4B7B /* NetworkingProtocols.swift in Sources */,
			);
			runOnlyForDeploymentPostprocessing = 0;
		};
		FC0B8FD82322F08C00CA4B7B /* Sources */ = {
			isa = PBXSourcesBuildPhase;
			buildActionMask = 2147483647;
			files = (
				FC0B8FEB2322F11100CA4B7B /* ItemsUITests.swift in Sources */,
				FC0B8FEE2322F11D00CA4B7B /* SearchUITests.swift in Sources */,
				FC0B8FE82322F10300CA4B7B /* DetailUITests.swift in Sources */,
				FC0B8FDF2322F08C00CA4B7B /* IMGURUITests.swift in Sources */,
			);
			runOnlyForDeploymentPostprocessing = 0;
		};
/* End PBXSourcesBuildPhase section */

/* Begin PBXTargetDependency section */
		2332D8A92321C94D00266993 /* PBXTargetDependency */ = {
			isa = PBXTargetDependency;
			target = 42C6C166231588420075B0E3 /* IMGUR */;
			targetProxy = 2332D8A82321C94D00266993 /* PBXContainerItemProxy */;
		};
		FC0B8FE22322F08C00CA4B7B /* PBXTargetDependency */ = {
			isa = PBXTargetDependency;
			target = 42C6C166231588420075B0E3 /* IMGUR */;
			targetProxy = FC0B8FE12322F08C00CA4B7B /* PBXContainerItemProxy */;
		};
/* End PBXTargetDependency section */

/* Begin PBXVariantGroup section */
		42C6C173231588430075B0E3 /* LaunchScreen.storyboard */ = {
			isa = PBXVariantGroup;
			children = (
				42C6C174231588430075B0E3 /* Base */,
			);
			name = LaunchScreen.storyboard;
			sourceTree = "<group>";
		};
		FC0B8F5B2322EC9000CA4B7B /* LaunchScreen.storyboard */ = {
			isa = PBXVariantGroup;
			children = (
				FC0B8F5C2322EC9000CA4B7B /* Base */,
			);
			name = LaunchScreen.storyboard;
			sourceTree = "<group>";
		};
/* End PBXVariantGroup section */

/* Begin XCBuildConfiguration section */
		2332D8AA2321C94D00266993 /* Debug */ = {
			isa = XCBuildConfiguration;
			buildSettings = {
				BUNDLE_LOADER = "$(TEST_HOST)";
				CLANG_ENABLE_MODULES = YES;
				CODE_SIGN_STYLE = Automatic;
				DEVELOPMENT_TEAM = BXVMA664J7;
				INFOPLIST_FILE = IMGURTests/Info.plist;
				IPHONEOS_DEPLOYMENT_TARGET = 12.2;
				LD_RUNPATH_SEARCH_PATHS = (
					"$(inherited)",
					"@executable_path/Frameworks",
					"@loader_path/Frameworks",
				);
				PRODUCT_BUNDLE_IDENTIFIER = globant.IMGURTests;
				PRODUCT_NAME = "$(TARGET_NAME)";
				SWIFT_OPTIMIZATION_LEVEL = "-Onone";
				SWIFT_VERSION = 5.0;
				TARGETED_DEVICE_FAMILY = "1,2";
				TEST_HOST = "$(BUILT_PRODUCTS_DIR)/IMGUR.app/IMGUR";
			};
			name = Debug;
		};
		2332D8AB2321C94D00266993 /* Release */ = {
			isa = XCBuildConfiguration;
			buildSettings = {
				BUNDLE_LOADER = "$(TEST_HOST)";
				CLANG_ENABLE_MODULES = YES;
				CODE_SIGN_STYLE = Automatic;
				DEVELOPMENT_TEAM = BXVMA664J7;
				INFOPLIST_FILE = IMGURTests/Info.plist;
				IPHONEOS_DEPLOYMENT_TARGET = 12.2;
				LD_RUNPATH_SEARCH_PATHS = (
					"$(inherited)",
					"@executable_path/Frameworks",
					"@loader_path/Frameworks",
				);
				PRODUCT_BUNDLE_IDENTIFIER = globant.IMGURTests;
				PRODUCT_NAME = "$(TARGET_NAME)";
				SWIFT_VERSION = 5.0;
				TARGETED_DEVICE_FAMILY = "1,2";
				TEST_HOST = "$(BUILT_PRODUCTS_DIR)/IMGUR.app/IMGUR";
			};
			name = Release;
		};
		42C6C177231588430075B0E3 /* Debug */ = {
			isa = XCBuildConfiguration;
			buildSettings = {
				ALWAYS_SEARCH_USER_PATHS = NO;
				CLANG_ANALYZER_NONNULL = YES;
				CLANG_ANALYZER_NUMBER_OBJECT_CONVERSION = YES_AGGRESSIVE;
				CLANG_CXX_LANGUAGE_STANDARD = "gnu++14";
				CLANG_CXX_LIBRARY = "libc++";
				CLANG_ENABLE_MODULES = YES;
				CLANG_ENABLE_OBJC_ARC = YES;
				CLANG_ENABLE_OBJC_WEAK = YES;
				CLANG_WARN_BLOCK_CAPTURE_AUTORELEASING = YES;
				CLANG_WARN_BOOL_CONVERSION = YES;
				CLANG_WARN_COMMA = YES;
				CLANG_WARN_CONSTANT_CONVERSION = YES;
				CLANG_WARN_DEPRECATED_OBJC_IMPLEMENTATIONS = YES;
				CLANG_WARN_DIRECT_OBJC_ISA_USAGE = YES_ERROR;
				CLANG_WARN_DOCUMENTATION_COMMENTS = YES;
				CLANG_WARN_EMPTY_BODY = YES;
				CLANG_WARN_ENUM_CONVERSION = YES;
				CLANG_WARN_INFINITE_RECURSION = YES;
				CLANG_WARN_INT_CONVERSION = YES;
				CLANG_WARN_NON_LITERAL_NULL_CONVERSION = YES;
				CLANG_WARN_OBJC_IMPLICIT_RETAIN_SELF = YES;
				CLANG_WARN_OBJC_LITERAL_CONVERSION = YES;
				CLANG_WARN_OBJC_ROOT_CLASS = YES_ERROR;
				CLANG_WARN_RANGE_LOOP_ANALYSIS = YES;
				CLANG_WARN_STRICT_PROTOTYPES = YES;
				CLANG_WARN_SUSPICIOUS_MOVE = YES;
				CLANG_WARN_UNGUARDED_AVAILABILITY = YES_AGGRESSIVE;
				CLANG_WARN_UNREACHABLE_CODE = YES;
				CLANG_WARN__DUPLICATE_METHOD_MATCH = YES;
				CODE_SIGN_IDENTITY = "iPhone Developer";
				COPY_PHASE_STRIP = NO;
				DEBUG_INFORMATION_FORMAT = dwarf;
				ENABLE_STRICT_OBJC_MSGSEND = YES;
				ENABLE_TESTABILITY = YES;
				GCC_C_LANGUAGE_STANDARD = gnu11;
				GCC_DYNAMIC_NO_PIC = NO;
				GCC_NO_COMMON_BLOCKS = YES;
				GCC_OPTIMIZATION_LEVEL = 0;
				GCC_PREPROCESSOR_DEFINITIONS = (
					"DEBUG=1",
					"$(inherited)",
				);
				GCC_WARN_64_TO_32_BIT_CONVERSION = YES;
				GCC_WARN_ABOUT_RETURN_TYPE = YES_ERROR;
				GCC_WARN_UNDECLARED_SELECTOR = YES;
				GCC_WARN_UNINITIALIZED_AUTOS = YES_AGGRESSIVE;
				GCC_WARN_UNUSED_FUNCTION = YES;
				GCC_WARN_UNUSED_VARIABLE = YES;
				IPHONEOS_DEPLOYMENT_TARGET = 12.2;
				MTL_ENABLE_DEBUG_INFO = INCLUDE_SOURCE;
				MTL_FAST_MATH = YES;
				ONLY_ACTIVE_ARCH = YES;
				SDKROOT = iphoneos;
				SWIFT_ACTIVE_COMPILATION_CONDITIONS = DEBUG;
				SWIFT_OPTIMIZATION_LEVEL = "-Onone";
			};
			name = Debug;
		};
		42C6C178231588430075B0E3 /* Release */ = {
			isa = XCBuildConfiguration;
			buildSettings = {
				ALWAYS_SEARCH_USER_PATHS = NO;
				CLANG_ANALYZER_NONNULL = YES;
				CLANG_ANALYZER_NUMBER_OBJECT_CONVERSION = YES_AGGRESSIVE;
				CLANG_CXX_LANGUAGE_STANDARD = "gnu++14";
				CLANG_CXX_LIBRARY = "libc++";
				CLANG_ENABLE_MODULES = YES;
				CLANG_ENABLE_OBJC_ARC = YES;
				CLANG_ENABLE_OBJC_WEAK = YES;
				CLANG_WARN_BLOCK_CAPTURE_AUTORELEASING = YES;
				CLANG_WARN_BOOL_CONVERSION = YES;
				CLANG_WARN_COMMA = YES;
				CLANG_WARN_CONSTANT_CONVERSION = YES;
				CLANG_WARN_DEPRECATED_OBJC_IMPLEMENTATIONS = YES;
				CLANG_WARN_DIRECT_OBJC_ISA_USAGE = YES_ERROR;
				CLANG_WARN_DOCUMENTATION_COMMENTS = YES;
				CLANG_WARN_EMPTY_BODY = YES;
				CLANG_WARN_ENUM_CONVERSION = YES;
				CLANG_WARN_INFINITE_RECURSION = YES;
				CLANG_WARN_INT_CONVERSION = YES;
				CLANG_WARN_NON_LITERAL_NULL_CONVERSION = YES;
				CLANG_WARN_OBJC_IMPLICIT_RETAIN_SELF = YES;
				CLANG_WARN_OBJC_LITERAL_CONVERSION = YES;
				CLANG_WARN_OBJC_ROOT_CLASS = YES_ERROR;
				CLANG_WARN_RANGE_LOOP_ANALYSIS = YES;
				CLANG_WARN_STRICT_PROTOTYPES = YES;
				CLANG_WARN_SUSPICIOUS_MOVE = YES;
				CLANG_WARN_UNGUARDED_AVAILABILITY = YES_AGGRESSIVE;
				CLANG_WARN_UNREACHABLE_CODE = YES;
				CLANG_WARN__DUPLICATE_METHOD_MATCH = YES;
				CODE_SIGN_IDENTITY = "iPhone Developer";
				COPY_PHASE_STRIP = NO;
				DEBUG_INFORMATION_FORMAT = "dwarf-with-dsym";
				ENABLE_NS_ASSERTIONS = NO;
				ENABLE_STRICT_OBJC_MSGSEND = YES;
				GCC_C_LANGUAGE_STANDARD = gnu11;
				GCC_NO_COMMON_BLOCKS = YES;
				GCC_WARN_64_TO_32_BIT_CONVERSION = YES;
				GCC_WARN_ABOUT_RETURN_TYPE = YES_ERROR;
				GCC_WARN_UNDECLARED_SELECTOR = YES;
				GCC_WARN_UNINITIALIZED_AUTOS = YES_AGGRESSIVE;
				GCC_WARN_UNUSED_FUNCTION = YES;
				GCC_WARN_UNUSED_VARIABLE = YES;
				IPHONEOS_DEPLOYMENT_TARGET = 12.2;
				MTL_ENABLE_DEBUG_INFO = NO;
				MTL_FAST_MATH = YES;
				SDKROOT = iphoneos;
				SWIFT_COMPILATION_MODE = wholemodule;
				SWIFT_OPTIMIZATION_LEVEL = "-O";
				VALIDATE_PRODUCT = YES;
			};
			name = Release;
		};
		42C6C17A231588430075B0E3 /* Debug */ = {
			isa = XCBuildConfiguration;
			buildSettings = {
				ASSETCATALOG_COMPILER_APPICON_NAME = AppIcon;
				CODE_SIGN_STYLE = Automatic;
				INFOPLIST_FILE = IMGUR/Info.plist;
				IPHONEOS_DEPLOYMENT_TARGET = 12.2;
				LD_RUNPATH_SEARCH_PATHS = (
					"$(inherited)",
					"@executable_path/Frameworks",
				);
				PRODUCT_BUNDLE_IDENTIFIER = specktro.globant.IMGUR;
				PRODUCT_NAME = "$(TARGET_NAME)";
				SWIFT_VERSION = 5.0;
				TARGETED_DEVICE_FAMILY = "1,2";
			};
			name = Debug;
		};
		42C6C17B231588430075B0E3 /* Release */ = {
			isa = XCBuildConfiguration;
			buildSettings = {
				ASSETCATALOG_COMPILER_APPICON_NAME = AppIcon;
				CODE_SIGN_STYLE = Automatic;
				INFOPLIST_FILE = IMGUR/Info.plist;
				IPHONEOS_DEPLOYMENT_TARGET = 12.2;
				LD_RUNPATH_SEARCH_PATHS = (
					"$(inherited)",
					"@executable_path/Frameworks",
				);
				PRODUCT_BUNDLE_IDENTIFIER = specktro.globant.IMGUR;
				PRODUCT_NAME = "$(TARGET_NAME)";
				SWIFT_VERSION = 5.0;
				TARGETED_DEVICE_FAMILY = "1,2";
			};
			name = Release;
		};
		FC0B8FE42322F08C00CA4B7B /* Debug */ = {
			isa = XCBuildConfiguration;
			buildSettings = {
				CODE_SIGN_STYLE = Automatic;
				INFOPLIST_FILE = IMGURUITests/Info.plist;
				LD_RUNPATH_SEARCH_PATHS = (
					"$(inherited)",
					"@executable_path/Frameworks",
					"@loader_path/Frameworks",
				);
				PRODUCT_BUNDLE_IDENTIFIER = Jordy.IMGURUITests;
				PRODUCT_NAME = "$(TARGET_NAME)";
				SWIFT_VERSION = 5.0;
				TARGETED_DEVICE_FAMILY = "1,2";
				TEST_TARGET_NAME = IMGUR;
			};
			name = Debug;
		};
		FC0B8FE52322F08C00CA4B7B /* Release */ = {
			isa = XCBuildConfiguration;
			buildSettings = {
				CODE_SIGN_STYLE = Automatic;
				INFOPLIST_FILE = IMGURUITests/Info.plist;
				LD_RUNPATH_SEARCH_PATHS = (
					"$(inherited)",
					"@executable_path/Frameworks",
					"@loader_path/Frameworks",
				);
				PRODUCT_BUNDLE_IDENTIFIER = Jordy.IMGURUITests;
				PRODUCT_NAME = "$(TARGET_NAME)";
				SWIFT_VERSION = 5.0;
				TARGETED_DEVICE_FAMILY = "1,2";
				TEST_TARGET_NAME = IMGUR;
			};
			name = Release;
		};
/* End XCBuildConfiguration section */

/* Begin XCConfigurationList section */
		2332D8AC2321C94D00266993 /* Build configuration list for PBXNativeTarget "IMGURTests" */ = {
			isa = XCConfigurationList;
			buildConfigurations = (
				2332D8AA2321C94D00266993 /* Debug */,
				2332D8AB2321C94D00266993 /* Release */,
			);
			defaultConfigurationIsVisible = 0;
			defaultConfigurationName = Release;
		};
		42C6C162231588420075B0E3 /* Build configuration list for PBXProject "IMGUR" */ = {
			isa = XCConfigurationList;
			buildConfigurations = (
				42C6C177231588430075B0E3 /* Debug */,
				42C6C178231588430075B0E3 /* Release */,
			);
			defaultConfigurationIsVisible = 0;
			defaultConfigurationName = Release;
		};
		42C6C179231588430075B0E3 /* Build configuration list for PBXNativeTarget "IMGUR" */ = {
			isa = XCConfigurationList;
			buildConfigurations = (
				42C6C17A231588430075B0E3 /* Debug */,
				42C6C17B231588430075B0E3 /* Release */,
			);
			defaultConfigurationIsVisible = 0;
			defaultConfigurationName = Release;
		};
		FC0B8FE32322F08C00CA4B7B /* Build configuration list for PBXNativeTarget "IMGURUITests" */ = {
			isa = XCConfigurationList;
			buildConfigurations = (
				FC0B8FE42322F08C00CA4B7B /* Debug */,
				FC0B8FE52322F08C00CA4B7B /* Release */,
			);
			defaultConfigurationIsVisible = 0;
			defaultConfigurationName = Release;
		};
/* End XCConfigurationList section */
	};
	rootObject = 42C6C15F231588420075B0E3 /* Project object */;
}
