// !$*UTF8*$!
{
	archiveVersion = 1;
	classes = {
	};
	objectVersion = 50;
	objects = {

/* Begin PBXBuildFile section */
		36795B7F231593D800299651 /* DetailViewController.swift in Sources */ = {isa = PBXBuildFile; fileRef = 36795B7E231593D800299651 /* DetailViewController.swift */; };
		36795B822315946B00299651 /* ItemCell.swift in Sources */ = {isa = PBXBuildFile; fileRef = 36795B802315946B00299651 /* ItemCell.swift */; };
		36795B832315946B00299651 /* ItemCell.xib in Resources */ = {isa = PBXBuildFile; fileRef = 36795B812315946B00299651 /* ItemCell.xib */; };
		36795B852315AEAA00299651 /* ItemsTableViewController.swift in Sources */ = {isa = PBXBuildFile; fileRef = 36795B842315AEAA00299651 /* ItemsTableViewController.swift */; };
		42C6C16B231588420075B0E3 /* AppDelegate.swift in Sources */ = {isa = PBXBuildFile; fileRef = 42C6C16A231588420075B0E3 /* AppDelegate.swift */; };
		42C6C172231588430075B0E3 /* Assets.xcassets in Resources */ = {isa = PBXBuildFile; fileRef = 42C6C171231588430075B0E3 /* Assets.xcassets */; };
		42C6C175231588430075B0E3 /* LaunchScreen.storyboard in Resources */ = {isa = PBXBuildFile; fileRef = 42C6C173231588430075B0E3 /* LaunchScreen.storyboard */; };
		FC3514AE231857F300EB44D0 /* SearchPopUpViewController.swift in Sources */ = {isa = PBXBuildFile; fileRef = FC3514AC231857F300EB44D0 /* SearchPopUpViewController.swift */; };
		FC3514AF231857F300EB44D0 /* SearchPopUpViewController.xib in Resources */ = {isa = PBXBuildFile; fileRef = FC3514AD231857F300EB44D0 /* SearchPopUpViewController.xib */; };
		FC35CA232319CB5E0094CC26 /* Main.storyboard in Resources */ = {isa = PBXBuildFile; fileRef = FC35CA222319CB5E0094CC26 /* Main.storyboard */; };
/* End PBXBuildFile section */

/* Begin PBXFileReference section */
		36795B7E231593D800299651 /* DetailViewController.swift */ = {isa = PBXFileReference; lastKnownFileType = sourcecode.swift; path = DetailViewController.swift; sourceTree = "<group>"; };
		36795B802315946B00299651 /* ItemCell.swift */ = {isa = PBXFileReference; lastKnownFileType = sourcecode.swift; path = ItemCell.swift; sourceTree = "<group>"; };
		36795B812315946B00299651 /* ItemCell.xib */ = {isa = PBXFileReference; lastKnownFileType = file.xib; path = ItemCell.xib; sourceTree = "<group>"; };
		36795B842315AEAA00299651 /* ItemsTableViewController.swift */ = {isa = PBXFileReference; lastKnownFileType = sourcecode.swift; path = ItemsTableViewController.swift; sourceTree = "<group>"; };
		42C6C167231588420075B0E3 /* IMGUR.app */ = {isa = PBXFileReference; explicitFileType = wrapper.application; includeInIndex = 0; path = IMGUR.app; sourceTree = BUILT_PRODUCTS_DIR; };
		42C6C16A231588420075B0E3 /* AppDelegate.swift */ = {isa = PBXFileReference; lastKnownFileType = sourcecode.swift; path = AppDelegate.swift; sourceTree = "<group>"; };
		42C6C171231588430075B0E3 /* Assets.xcassets */ = {isa = PBXFileReference; lastKnownFileType = folder.assetcatalog; path = Assets.xcassets; sourceTree = "<group>"; };
		42C6C174231588430075B0E3 /* Base */ = {isa = PBXFileReference; lastKnownFileType = file.storyboard; name = Base; path = Base.lproj/LaunchScreen.storyboard; sourceTree = "<group>"; };
		42C6C176231588430075B0E3 /* Info.plist */ = {isa = PBXFileReference; lastKnownFileType = text.plist.xml; path = Info.plist; sourceTree = "<group>"; };
		FC3514AC231857F300EB44D0 /* SearchPopUpViewController.swift */ = {isa = PBXFileReference; lastKnownFileType = sourcecode.swift; path = SearchPopUpViewController.swift; sourceTree = "<group>"; };
		FC3514AD231857F300EB44D0 /* SearchPopUpViewController.xib */ = {isa = PBXFileReference; lastKnownFileType = file.xib; path = SearchPopUpViewController.xib; sourceTree = "<group>"; };
		FC35CA222319CB5E0094CC26 /* Main.storyboard */ = {isa = PBXFileReference; fileEncoding = 4; lastKnownFileType = file.storyboard; path = Main.storyboard; sourceTree = "<group>"; };
/* End PBXFileReference section */

/* Begin PBXFrameworksBuildPhase section */
		42C6C164231588420075B0E3 /* Frameworks */ = {
			isa = PBXFrameworksBuildPhase;
			buildActionMask = 2147483647;
			files = (
			);
			runOnlyForDeploymentPostprocessing = 0;
		};
/* End PBXFrameworksBuildPhase section */

/* Begin PBXGroup section */
		42C6C15E231588420075B0E3 = {
			isa = PBXGroup;
			children = (
				42C6C169231588420075B0E3 /* IMGUR */,
				42C6C168231588420075B0E3 /* Products */,
			);
			sourceTree = "<group>";
		};
		42C6C168231588420075B0E3 /* Products */ = {
			isa = PBXGroup;
			children = (
				42C6C167231588420075B0E3 /* IMGUR.app */,
			);
			name = Products;
			sourceTree = "<group>";
		};
		42C6C169231588420075B0E3 /* IMGUR */ = {
			isa = PBXGroup;
			children = (
				42C6C171231588430075B0E3 /* Assets.xcassets */,
				42C6C16A231588420075B0E3 /* AppDelegate.swift */,
				36795B842315AEAA00299651 /* ItemsTableViewController.swift */,
				36795B7E231593D800299651 /* DetailViewController.swift */,
				36795B802315946B00299651 /* ItemCell.swift */,
				FC35CA222319CB5E0094CC26 /* Main.storyboard */,
				36795B812315946B00299651 /* ItemCell.xib */,
				42C6C173231588430075B0E3 /* LaunchScreen.storyboard */,
				42C6C176231588430075B0E3 /* Info.plist */,
				FC3514AC231857F300EB44D0 /* SearchPopUpViewController.swift */,
				FC3514AD231857F300EB44D0 /* SearchPopUpViewController.xib */,
			);
			path = IMGUR;
			sourceTree = "<group>";
		};
/* End PBXGroup section */

/* Begin PBXNativeTarget section */
		42C6C166231588420075B0E3 /* IMGUR */ = {
			isa = PBXNativeTarget;
			buildConfigurationList = 42C6C179231588430075B0E3 /* Build configuration list for PBXNativeTarget "IMGUR" */;
			buildPhases = (
				42C6C163231588420075B0E3 /* Sources */,
				42C6C164231588420075B0E3 /* Frameworks */,
				42C6C165231588420075B0E3 /* Resources */,
			);
			buildRules = (
			);
			dependencies = (
			);
			name = IMGUR;
			productName = IMGUR;
			productReference = 42C6C167231588420075B0E3 /* IMGUR.app */;
			productType = "com.apple.product-type.application";
		};
/* End PBXNativeTarget section */

/* Begin PBXProject section */
		42C6C15F231588420075B0E3 /* Project object */ = {
			isa = PBXProject;
			attributes = {
				LastSwiftUpdateCheck = 1030;
				LastUpgradeCheck = 1030;
				ORGANIZATIONNAME = specktro;
				TargetAttributes = {
					42C6C166231588420075B0E3 = {
						CreatedOnToolsVersion = 10.3;
					};
				};
			};
			buildConfigurationList = 42C6C162231588420075B0E3 /* Build configuration list for PBXProject "IMGUR" */;
			compatibilityVersion = "Xcode 9.3";
			developmentRegion = en;
			hasScannedForEncodings = 0;
			knownRegions = (
				en,
				Base,
			);
			mainGroup = 42C6C15E231588420075B0E3;
			productRefGroup = 42C6C168231588420075B0E3 /* Products */;
			projectDirPath = "";
			projectRoot = "";
			targets = (
				42C6C166231588420075B0E3 /* IMGUR */,
			);
		};
/* End PBXProject section */

/* Begin PBXResourcesBuildPhase section */
		42C6C165231588420075B0E3 /* Resources */ = {
			isa = PBXResourcesBuildPhase;
			buildActionMask = 2147483647;
			files = (
				FC3514AF231857F300EB44D0 /* SearchPopUpViewController.xib in Resources */,
				FC35CA232319CB5E0094CC26 /* Main.storyboard in Resources */,
				36795B832315946B00299651 /* ItemCell.xib in Resources */,
				42C6C175231588430075B0E3 /* LaunchScreen.storyboard in Resources */,
				42C6C172231588430075B0E3 /* Assets.xcassets in Resources */,
			);
			runOnlyForDeploymentPostprocessing = 0;
		};
/* End PBXResourcesBuildPhase section */

/* Begin PBXSourcesBuildPhase section */
		42C6C163231588420075B0E3 /* Sources */ = {
			isa = PBXSourcesBuildPhase;
			buildActionMask = 2147483647;
			files = (
				36795B822315946B00299651 /* ItemCell.swift in Sources */,
				36795B7F231593D800299651 /* DetailViewController.swift in Sources */,
				FC3514AE231857F300EB44D0 /* SearchPopUpViewController.swift in Sources */,
				36795B852315AEAA00299651 /* ItemsTableViewController.swift in Sources */,
				42C6C16B231588420075B0E3 /* AppDelegate.swift in Sources */,
			);
			runOnlyForDeploymentPostprocessing = 0;
		};
/* End PBXSourcesBuildPhase section */

/* Begin PBXVariantGroup section */
		42C6C173231588430075B0E3 /* LaunchScreen.storyboard */ = {
			isa = PBXVariantGroup;
			children = (
				42C6C174231588430075B0E3 /* Base */,
			);
			name = LaunchScreen.storyboard;
			sourceTree = "<group>";
		};
/* End PBXVariantGroup section */

/* Begin XCBuildConfiguration section */
		42C6C177231588430075B0E3 /* Debug */ = {
			isa = XCBuildConfiguration;
			buildSettings = {
				ALWAYS_SEARCH_USER_PATHS = NO;
				CLANG_ANALYZER_NONNULL = YES;
				CLANG_ANALYZER_NUMBER_OBJECT_CONVERSION = YES_AGGRESSIVE;
				CLANG_CXX_LANGUAGE_STANDARD = "gnu++14";
				CLANG_CXX_LIBRARY = "libc++";
				CLANG_ENABLE_MODULES = YES;
				CLANG_ENABLE_OBJC_ARC = YES;
				CLANG_ENABLE_OBJC_WEAK = YES;
				CLANG_WARN_BLOCK_CAPTURE_AUTORELEASING = YES;
				CLANG_WARN_BOOL_CONVERSION = YES;
				CLANG_WARN_COMMA = YES;
				CLANG_WARN_CONSTANT_CONVERSION = YES;
				CLANG_WARN_DEPRECATED_OBJC_IMPLEMENTATIONS = YES;
				CLANG_WARN_DIRECT_OBJC_ISA_USAGE = YES_ERROR;
				CLANG_WARN_DOCUMENTATION_COMMENTS = YES;
				CLANG_WARN_EMPTY_BODY = YES;
				CLANG_WARN_ENUM_CONVERSION = YES;
				CLANG_WARN_INFINITE_RECURSION = YES;
				CLANG_WARN_INT_CONVERSION = YES;
				CLANG_WARN_NON_LITERAL_NULL_CONVERSION = YES;
				CLANG_WARN_OBJC_IMPLICIT_RETAIN_SELF = YES;
				CLANG_WARN_OBJC_LITERAL_CONVERSION = YES;
				CLANG_WARN_OBJC_ROOT_CLASS = YES_ERROR;
				CLANG_WARN_RANGE_LOOP_ANALYSIS = YES;
				CLANG_WARN_STRICT_PROTOTYPES = YES;
				CLANG_WARN_SUSPICIOUS_MOVE = YES;
				CLANG_WARN_UNGUARDED_AVAILABILITY = YES_AGGRESSIVE;
				CLANG_WARN_UNREACHABLE_CODE = YES;
				CLANG_WARN__DUPLICATE_METHOD_MATCH = YES;
				CODE_SIGN_IDENTITY = "iPhone Developer";
				COPY_PHASE_STRIP = NO;
				DEBUG_INFORMATION_FORMAT = dwarf;
				ENABLE_STRICT_OBJC_MSGSEND = YES;
				ENABLE_TESTABILITY = YES;
				GCC_C_LANGUAGE_STANDARD = gnu11;
				GCC_DYNAMIC_NO_PIC = NO;
				GCC_NO_COMMON_BLOCKS = YES;
				GCC_OPTIMIZATION_LEVEL = 0;
				GCC_PREPROCESSOR_DEFINITIONS = (
					"DEBUG=1",
					"$(inherited)",
				);
				GCC_WARN_64_TO_32_BIT_CONVERSION = YES;
				GCC_WARN_ABOUT_RETURN_TYPE = YES_ERROR;
				GCC_WARN_UNDECLARED_SELECTOR = YES;
				GCC_WARN_UNINITIALIZED_AUTOS = YES_AGGRESSIVE;
				GCC_WARN_UNUSED_FUNCTION = YES;
				GCC_WARN_UNUSED_VARIABLE = YES;
				IPHONEOS_DEPLOYMENT_TARGET = 12.2;
				MTL_ENABLE_DEBUG_INFO = INCLUDE_SOURCE;
				MTL_FAST_MATH = YES;
				ONLY_ACTIVE_ARCH = YES;
				SDKROOT = iphoneos;
				SWIFT_ACTIVE_COMPILATION_CONDITIONS = DEBUG;
				SWIFT_OPTIMIZATION_LEVEL = "-Onone";
			};
			name = Debug;
		};
		42C6C178231588430075B0E3 /* Release */ = {
			isa = XCBuildConfiguration;
			buildSettings = {
				ALWAYS_SEARCH_USER_PATHS = NO;
				CLANG_ANALYZER_NONNULL = YES;
				CLANG_ANALYZER_NUMBER_OBJECT_CONVERSION = YES_AGGRESSIVE;
				CLANG_CXX_LANGUAGE_STANDARD = "gnu++14";
				CLANG_CXX_LIBRARY = "libc++";
				CLANG_ENABLE_MODULES = YES;
				CLANG_ENABLE_OBJC_ARC = YES;
				CLANG_ENABLE_OBJC_WEAK = YES;
				CLANG_WARN_BLOCK_CAPTURE_AUTORELEASING = YES;
				CLANG_WARN_BOOL_CONVERSION = YES;
				CLANG_WARN_COMMA = YES;
				CLANG_WARN_CONSTANT_CONVERSION = YES;
				CLANG_WARN_DEPRECATED_OBJC_IMPLEMENTATIONS = YES;
				CLANG_WARN_DIRECT_OBJC_ISA_USAGE = YES_ERROR;
				CLANG_WARN_DOCUMENTATION_COMMENTS = YES;
				CLANG_WARN_EMPTY_BODY = YES;
				CLANG_WARN_ENUM_CONVERSION = YES;
				CLANG_WARN_INFINITE_RECURSION = YES;
				CLANG_WARN_INT_CONVERSION = YES;
				CLANG_WARN_NON_LITERAL_NULL_CONVERSION = YES;
				CLANG_WARN_OBJC_IMPLICIT_RETAIN_SELF = YES;
				CLANG_WARN_OBJC_LITERAL_CONVERSION = YES;
				CLANG_WARN_OBJC_ROOT_CLASS = YES_ERROR;
				CLANG_WARN_RANGE_LOOP_ANALYSIS = YES;
				CLANG_WARN_STRICT_PROTOTYPES = YES;
				CLANG_WARN_SUSPICIOUS_MOVE = YES;
				CLANG_WARN_UNGUARDED_AVAILABILITY = YES_AGGRESSIVE;
				CLANG_WARN_UNREACHABLE_CODE = YES;
				CLANG_WARN__DUPLICATE_METHOD_MATCH = YES;
				CODE_SIGN_IDENTITY = "iPhone Developer";
				COPY_PHASE_STRIP = NO;
				DEBUG_INFORMATION_FORMAT = "dwarf-with-dsym";
				ENABLE_NS_ASSERTIONS = NO;
				ENABLE_STRICT_OBJC_MSGSEND = YES;
				GCC_C_LANGUAGE_STANDARD = gnu11;
				GCC_NO_COMMON_BLOCKS = YES;
				GCC_WARN_64_TO_32_BIT_CONVERSION = YES;
				GCC_WARN_ABOUT_RETURN_TYPE = YES_ERROR;
				GCC_WARN_UNDECLARED_SELECTOR = YES;
				GCC_WARN_UNINITIALIZED_AUTOS = YES_AGGRESSIVE;
				GCC_WARN_UNUSED_FUNCTION = YES;
				GCC_WARN_UNUSED_VARIABLE = YES;
				IPHONEOS_DEPLOYMENT_TARGET = 12.2;
				MTL_ENABLE_DEBUG_INFO = NO;
				MTL_FAST_MATH = YES;
				SDKROOT = iphoneos;
				SWIFT_COMPILATION_MODE = wholemodule;
				SWIFT_OPTIMIZATION_LEVEL = "-O";
				VALIDATE_PRODUCT = YES;
			};
			name = Release;
		};
		42C6C17A231588430075B0E3 /* Debug */ = {
			isa = XCBuildConfiguration;
			buildSettings = {
				ASSETCATALOG_COMPILER_APPICON_NAME = AppIcon;
				CODE_SIGN_STYLE = Automatic;
				INFOPLIST_FILE = IMGUR/Info.plist;
				IPHONEOS_DEPLOYMENT_TARGET = 12.2;
				LD_RUNPATH_SEARCH_PATHS = (
					"$(inherited)",
					"@executable_path/Frameworks",
				);
				PRODUCT_BUNDLE_IDENTIFIER = specktro.globant.IMGUR;
				PRODUCT_NAME = "$(TARGET_NAME)";
				SWIFT_VERSION = 5.0;
				TARGETED_DEVICE_FAMILY = "1,2";
			};
			name = Debug;
		};
		42C6C17B231588430075B0E3 /* Release */ = {
			isa = XCBuildConfiguration;
			buildSettings = {
				ASSETCATALOG_COMPILER_APPICON_NAME = AppIcon;
				CODE_SIGN_STYLE = Automatic;
				INFOPLIST_FILE = IMGUR/Info.plist;
				IPHONEOS_DEPLOYMENT_TARGET = 12.2;
				LD_RUNPATH_SEARCH_PATHS = (
					"$(inherited)",
					"@executable_path/Frameworks",
				);
				PRODUCT_BUNDLE_IDENTIFIER = specktro.globant.IMGUR;
				PRODUCT_NAME = "$(TARGET_NAME)";
				SWIFT_VERSION = 5.0;
				TARGETED_DEVICE_FAMILY = "1,2";
			};
			name = Release;
		};
/* End XCBuildConfiguration section */

/* Begin XCConfigurationList section */
		42C6C162231588420075B0E3 /* Build configuration list for PBXProject "IMGUR" */ = {
			isa = XCConfigurationList;
			buildConfigurations = (
				42C6C177231588430075B0E3 /* Debug */,
				42C6C178231588430075B0E3 /* Release */,
			);
			defaultConfigurationIsVisible = 0;
			defaultConfigurationName = Release;
		};
		42C6C179231588430075B0E3 /* Build configuration list for PBXNativeTarget "IMGUR" */ = {
			isa = XCConfigurationList;
			buildConfigurations = (
				42C6C17A231588430075B0E3 /* Debug */,
				42C6C17B231588430075B0E3 /* Release */,
			);
			defaultConfigurationIsVisible = 0;
			defaultConfigurationName = Release;
		};
/* End XCConfigurationList section */
	};
	rootObject = 42C6C15F231588420075B0E3 /* Project object */;
}
